
Microsoft Visual Studio Solution File, Format Version 12.00
# Visual Studio Version 17
VisualStudioVersion = 17.2.32602.215
MinimumVisualStudioVersion = 10.0.40219.1
Project("{9A19103F-16F7-4668-BE54-9A1E7A4F7556}") = "ExcelCompareNuget", "ExcelCompare\ExcelCompareNuget.csproj", "{BD70283F-E4C8-492C-9C57-2498992CFF22}"
EndProject
Project("{9A19103F-16F7-4668-BE54-9A1E7A4F7556}") = "ExcelCompare", "ExcelCompare.Public\ExcelCompare.csproj", "{CD42A7A9-E1FB-4AB9-9A48-015DB44F8A18}"
EndProject
Global
	GlobalSection(SolutionConfigurationPlatforms) = preSolution
		Debug|Any CPU = Debug|Any CPU
		Release|Any CPU = Release|Any CPU
	EndGlobalSection
	GlobalSection(ProjectConfigurationPlatforms) = postSolution
		{BD70283F-E4C8-492C-9C57-2498992CFF22}.Debug|Any CPU.ActiveCfg = Debug|Any CPU
		{BD70283F-E4C8-492C-9C57-2498992CFF22}.Debug|Any CPU.Build.0 = Debug|Any CPU
		{BD70283F-E4C8-492C-9C57-2498992CFF22}.Release|Any CPU.ActiveCfg = Release|Any CPU
		{BD70283F-E4C8-492C-9C57-2498992CFF22}.Release|Any CPU.Build.0 = Release|Any CPU
		{CD42A7A9-E1FB-4AB9-9A48-015DB44F8A18}.Debug|Any CPU.ActiveCfg = Debug|Any CPU
		{CD42A7A9-E1FB-4AB9-9A48-015DB44F8A18}.Debug|Any CPU.Build.0 = Debug|Any CPU
		{CD42A7A9-E1FB-4AB9-9A48-015DB44F8A18}.Release|Any CPU.ActiveCfg = Release|Any CPU
		{CD42A7A9-E1FB-4AB9-9A48-015DB44F8A18}.Release|Any CPU.Build.0 = Release|Any CPU
	EndGlobalSection
	GlobalSection(SolutionProperties) = preSolution
		HideSolutionNode = FALSE
	EndGlobalSection
	GlobalSection(ExtensibilityGlobals) = postSolution
		SolutionGuid = {C5A7024E-5710-48EB-B775-CA7DBED6A21B}
	EndGlobalSection
EndGlobal
